// !$*UTF8*$!
{
	archiveVersion = 1;
	classes = {
	};
	objectVersion = 56;
	objects = {

/* Begin PBXBuildFile section */
		5279A11E29D63280002D30D9 /* AppDelegate.swift in Sources */ = {isa = PBXBuildFile; fileRef = 5279A11D29D63280002D30D9 /* AppDelegate.swift */; };
		5279A12029D63280002D30D9 /* SceneDelegate.swift in Sources */ = {isa = PBXBuildFile; fileRef = 5279A11F29D63280002D30D9 /* SceneDelegate.swift */; };
		5279A12229D63280002D30D9 /* WeatherViewController.swift in Sources */ = {isa = PBXBuildFile; fileRef = 5279A12129D63280002D30D9 /* WeatherViewController.swift */; };
		5279A12529D63280002D30D9 /* Main.storyboard in Resources */ = {isa = PBXBuildFile; fileRef = 5279A12329D63280002D30D9 /* Main.storyboard */; };
		5279A12729D63280002D30D9 /* Assets.xcassets in Resources */ = {isa = PBXBuildFile; fileRef = 5279A12629D63280002D30D9 /* Assets.xcassets */; };
		5279A12A29D63280002D30D9 /* LaunchScreen.storyboard in Resources */ = {isa = PBXBuildFile; fileRef = 5279A12829D63280002D30D9 /* LaunchScreen.storyboard */; };
		5279A13329D63954002D30D9 /* Alamofire in Frameworks */ = {isa = PBXBuildFile; productRef = 5279A13229D63954002D30D9 /* Alamofire */; };
		5279A13629D6397B002D30D9 /* SkeletonView in Frameworks */ = {isa = PBXBuildFile; productRef = 5279A13529D6397B002D30D9 /* SkeletonView */; };
		5279A13A29D640B8002D30D9 /* WeatherData.swift in Sources */ = {isa = PBXBuildFile; fileRef = 5279A13929D640B8002D30D9 /* WeatherData.swift */; };
		5279A13C29D6417E002D30D9 /* WeatherService.swift in Sources */ = {isa = PBXBuildFile; fileRef = 5279A13B29D6417E002D30D9 /* WeatherService.swift */; };
		5279A13F29D64961002D30D9 /* Double+Extension.swift in Sources */ = {isa = PBXBuildFile; fileRef = 5279A13E29D64961002D30D9 /* Double+Extension.swift */; };
		5279A14229D64F9C002D30D9 /* AddCityViewController.swift in Sources */ = {isa = PBXBuildFile; fileRef = 5279A14129D64F9C002D30D9 /* AddCityViewController.swift */; };
		52E64D6A29E255320035E525 /* Int+Extension.swift in Sources */ = {isa = PBXBuildFile; fileRef = 52E64D6929E255320035E525 /* Int+Extension.swift */; };
		52E64D6C29E256C60035E525 /* UIImage+Extension.swift in Sources */ = {isa = PBXBuildFile; fileRef = 52E64D6B29E256C60035E525 /* UIImage+Extension.swift */; };
		52E64D6E29E4C5580035E525 /* WeatherDataFailure.swift in Sources */ = {isa = PBXBuildFile; fileRef = 52E64D6D29E4C5580035E525 /* WeatherDataFailure.swift */; };
/* End PBXBuildFile section */

/* Begin PBXFileReference section */
		5279A11A29D63280002D30D9 /* WeatherUIKit.app */ = {isa = PBXFileReference; explicitFileType = wrapper.application; includeInIndex = 0; path = WeatherUIKit.app; sourceTree = BUILT_PRODUCTS_DIR; };
		5279A11D29D63280002D30D9 /* AppDelegate.swift */ = {isa = PBXFileReference; lastKnownFileType = sourcecode.swift; path = AppDelegate.swift; sourceTree = "<group>"; };
		5279A11F29D63280002D30D9 /* SceneDelegate.swift */ = {isa = PBXFileReference; lastKnownFileType = sourcecode.swift; path = SceneDelegate.swift; sourceTree = "<group>"; };
		5279A12129D63280002D30D9 /* WeatherViewController.swift */ = {isa = PBXFileReference; lastKnownFileType = sourcecode.swift; path = WeatherViewController.swift; sourceTree = "<group>"; };
		5279A12429D63280002D30D9 /* Base */ = {isa = PBXFileReference; lastKnownFileType = file.storyboard; name = Base; path = Base.lproj/Main.storyboard; sourceTree = "<group>"; };
		5279A12629D63280002D30D9 /* Assets.xcassets */ = {isa = PBXFileReference; lastKnownFileType = folder.assetcatalog; path = Assets.xcassets; sourceTree = "<group>"; };
		5279A12929D63280002D30D9 /* Base */ = {isa = PBXFileReference; lastKnownFileType = file.storyboard; name = Base; path = Base.lproj/LaunchScreen.storyboard; sourceTree = "<group>"; };
		5279A12B29D63280002D30D9 /* Info.plist */ = {isa = PBXFileReference; lastKnownFileType = text.plist.xml; path = Info.plist; sourceTree = "<group>"; };
		5279A13929D640B8002D30D9 /* WeatherData.swift */ = {isa = PBXFileReference; lastKnownFileType = sourcecode.swift; path = WeatherData.swift; sourceTree = "<group>"; };
		5279A13B29D6417E002D30D9 /* WeatherService.swift */ = {isa = PBXFileReference; lastKnownFileType = sourcecode.swift; path = WeatherService.swift; sourceTree = "<group>"; };
		5279A13E29D64961002D30D9 /* Double+Extension.swift */ = {isa = PBXFileReference; lastKnownFileType = sourcecode.swift; path = "Double+Extension.swift"; sourceTree = "<group>"; };
		5279A14129D64F9C002D30D9 /* AddCityViewController.swift */ = {isa = PBXFileReference; lastKnownFileType = sourcecode.swift; path = AddCityViewController.swift; sourceTree = "<group>"; };
		52E64D6929E255320035E525 /* Int+Extension.swift */ = {isa = PBXFileReference; lastKnownFileType = sourcecode.swift; path = "Int+Extension.swift"; sourceTree = "<group>"; };
		52E64D6B29E256C60035E525 /* UIImage+Extension.swift */ = {isa = PBXFileReference; lastKnownFileType = sourcecode.swift; path = "UIImage+Extension.swift"; sourceTree = "<group>"; };
		52E64D6D29E4C5580035E525 /* WeatherDataFailure.swift */ = {isa = PBXFileReference; lastKnownFileType = sourcecode.swift; path = WeatherDataFailure.swift; sourceTree = "<group>"; };
/* End PBXFileReference section */

/* Begin PBXFrameworksBuildPhase section */
		5279A11729D63280002D30D9 /* Frameworks */ = {
			isa = PBXFrameworksBuildPhase;
			buildActionMask = 2147483647;
			files = (
				5279A13629D6397B002D30D9 /* SkeletonView in Frameworks */,
				5279A13329D63954002D30D9 /* Alamofire in Frameworks */,
			);
			runOnlyForDeploymentPostprocessing = 0;
		};
/* End PBXFrameworksBuildPhase section */

/* Begin PBXGroup section */
		5279A11129D63280002D30D9 = {
			isa = PBXGroup;
			children = (
				5279A11C29D63280002D30D9 /* WeatherUIKit */,
				5279A11B29D63280002D30D9 /* Products */,
			);
			sourceTree = "<group>";
		};
		5279A11B29D63280002D30D9 /* Products */ = {
			isa = PBXGroup;
			children = (
				5279A11A29D63280002D30D9 /* WeatherUIKit.app */,
			);
			name = Products;
			sourceTree = "<group>";
		};
		5279A11C29D63280002D30D9 /* WeatherUIKit */ = {
			isa = PBXGroup;
			children = (
				5279A14029D64F8A002D30D9 /* Controllers */,
				5279A13D29D6494F002D30D9 /* Extensions */,
				5279A13829D6405C002D30D9 /* Services */,
				5279A13729D64055002D30D9 /* Models */,
				5279A11D29D63280002D30D9 /* AppDelegate.swift */,
				5279A11F29D63280002D30D9 /* SceneDelegate.swift */,
				5279A12129D63280002D30D9 /* WeatherViewController.swift */,
				5279A12329D63280002D30D9 /* Main.storyboard */,
				5279A12829D63280002D30D9 /* LaunchScreen.storyboard */,
				5279A12629D63280002D30D9 /* Assets.xcassets */,
				5279A12B29D63280002D30D9 /* Info.plist */,
			);
			path = WeatherUIKit;
			sourceTree = "<group>";
		};
		5279A13729D64055002D30D9 /* Models */ = {
			isa = PBXGroup;
			children = (
				5279A13929D640B8002D30D9 /* WeatherData.swift */,
				52E64D6D29E4C5580035E525 /* WeatherDataFailure.swift */,
			);
			path = Models;
			sourceTree = "<group>";
		};
		5279A13829D6405C002D30D9 /* Services */ = {
			isa = PBXGroup;
			children = (
				5279A13B29D6417E002D30D9 /* WeatherService.swift */,
			);
			path = Services;
			sourceTree = "<group>";
		};
		5279A13D29D6494F002D30D9 /* Extensions */ = {
			isa = PBXGroup;
			children = (
				5279A13E29D64961002D30D9 /* Double+Extension.swift */,
				52E64D6929E255320035E525 /* Int+Extension.swift */,
				52E64D6B29E256C60035E525 /* UIImage+Extension.swift */,
			);
			path = Extensions;
			sourceTree = "<group>";
		};
		5279A14029D64F8A002D30D9 /* Controllers */ = {
			isa = PBXGroup;
			children = (
				5279A14129D64F9C002D30D9 /* AddCityViewController.swift */,
			);
			path = Controllers;
			sourceTree = "<group>";
		};
/* End PBXGroup section */

/* Begin PBXNativeTarget section */
		5279A11929D63280002D30D9 /* WeatherUIKit */ = {
			isa = PBXNativeTarget;
			buildConfigurationList = 5279A12E29D63280002D30D9 /* Build configuration list for PBXNativeTarget "WeatherUIKit" */;
			buildPhases = (
				5279A11629D63280002D30D9 /* Sources */,
				5279A11729D63280002D30D9 /* Frameworks */,
				5279A11829D63280002D30D9 /* Resources */,
			);
			buildRules = (
			);
			dependencies = (
			);
			name = WeatherUIKit;
			packageProductDependencies = (
				5279A13229D63954002D30D9 /* Alamofire */,
				5279A13529D6397B002D30D9 /* SkeletonView */,
			);
			productName = WeatherUIKit;
			productReference = 5279A11A29D63280002D30D9 /* WeatherUIKit.app */;
			productType = "com.apple.product-type.application";
		};
/* End PBXNativeTarget section */

/* Begin PBXProject section */
		5279A11229D63280002D30D9 /* Project object */ = {
			isa = PBXProject;
			attributes = {
				BuildIndependentTargetsInParallel = 1;
				LastSwiftUpdateCheck = 1420;
				LastUpgradeCheck = 1420;
				TargetAttributes = {
					5279A11929D63280002D30D9 = {
						CreatedOnToolsVersion = 14.2;
					};
				};
			};
			buildConfigurationList = 5279A11529D63280002D30D9 /* Build configuration list for PBXProject "WeatherUIKit" */;
			compatibilityVersion = "Xcode 14.0";
			developmentRegion = en;
			hasScannedForEncodings = 0;
			knownRegions = (
				en,
				Base,
			);
			mainGroup = 5279A11129D63280002D30D9;
			packageReferences = (
				5279A13129D63954002D30D9 /* XCRemoteSwiftPackageReference "Alamofire" */,
				5279A13429D6397B002D30D9 /* XCRemoteSwiftPackageReference "SkeletonView" */,
			);
			productRefGroup = 5279A11B29D63280002D30D9 /* Products */;
			projectDirPath = "";
			projectRoot = "";
			targets = (
				5279A11929D63280002D30D9 /* WeatherUIKit */,
			);
		};
/* End PBXProject section */

/* Begin PBXResourcesBuildPhase section */
		5279A11829D63280002D30D9 /* Resources */ = {
			isa = PBXResourcesBuildPhase;
			buildActionMask = 2147483647;
			files = (
				5279A12A29D63280002D30D9 /* LaunchScreen.storyboard in Resources */,
				5279A12729D63280002D30D9 /* Assets.xcassets in Resources */,
				5279A12529D63280002D30D9 /* Main.storyboard in Resources */,
			);
			runOnlyForDeploymentPostprocessing = 0;
		};
/* End PBXResourcesBuildPhase section */

/* Begin PBXSourcesBuildPhase section */
		5279A11629D63280002D30D9 /* Sources */ = {
			isa = PBXSourcesBuildPhase;
			buildActionMask = 2147483647;
			files = (
				5279A13C29D6417E002D30D9 /* WeatherService.swift in Sources */,
				52E64D6E29E4C5580035E525 /* WeatherDataFailure.swift in Sources */,
				52E64D6A29E255320035E525 /* Int+Extension.swift in Sources */,
				5279A14229D64F9C002D30D9 /* AddCityViewController.swift in Sources */,
				52E64D6C29E256C60035E525 /* UIImage+Extension.swift in Sources */,
				5279A12229D63280002D30D9 /* WeatherViewController.swift in Sources */,
				5279A13F29D64961002D30D9 /* Double+Extension.swift in Sources */,
				5279A11E29D63280002D30D9 /* AppDelegate.swift in Sources */,
				5279A13A29D640B8002D30D9 /* WeatherData.swift in Sources */,
				5279A12029D63280002D30D9 /* SceneDelegate.swift in Sources */,
			);
			runOnlyForDeploymentPostprocessing = 0;
		};
/* End PBXSourcesBuildPhase section */

/* Begin PBXVariantGroup section */
		5279A12329D63280002D30D9 /* Main.storyboard */ = {
			isa = PBXVariantGroup;
			children = (
				5279A12429D63280002D30D9 /* Base */,
			);
			name = Main.storyboard;
			sourceTree = "<group>";
		};
		5279A12829D63280002D30D9 /* LaunchScreen.storyboard */ = {
			isa = PBXVariantGroup;
			children = (
				5279A12929D63280002D30D9 /* Base */,
			);
			name = LaunchScreen.storyboard;
			sourceTree = "<group>";
		};
/* End PBXVariantGroup section */

/* Begin XCBuildConfiguration section */
		5279A12C29D63280002D30D9 /* Debug */ = {
			isa = XCBuildConfiguration;
			buildSettings = {
				ALWAYS_SEARCH_USER_PATHS = NO;
				CLANG_ANALYZER_NONNULL = YES;
				CLANG_ANALYZER_NUMBER_OBJECT_CONVERSION = YES_AGGRESSIVE;
				CLANG_CXX_LANGUAGE_STANDARD = "gnu++20";
				CLANG_ENABLE_MODULES = YES;
				CLANG_ENABLE_OBJC_ARC = YES;
				CLANG_ENABLE_OBJC_WEAK = YES;
				CLANG_WARN_BLOCK_CAPTURE_AUTORELEASING = YES;
				CLANG_WARN_BOOL_CONVERSION = YES;
				CLANG_WARN_COMMA = YES;
				CLANG_WARN_CONSTANT_CONVERSION = YES;
				CLANG_WARN_DEPRECATED_OBJC_IMPLEMENTATIONS = YES;
				CLANG_WARN_DIRECT_OBJC_ISA_USAGE = YES_ERROR;
				CLANG_WARN_DOCUMENTATION_COMMENTS = YES;
				CLANG_WARN_EMPTY_BODY = YES;
				CLANG_WARN_ENUM_CONVERSION = YES;
				CLANG_WARN_INFINITE_RECURSION = YES;
				CLANG_WARN_INT_CONVERSION = YES;
				CLANG_WARN_NON_LITERAL_NULL_CONVERSION = YES;
				CLANG_WARN_OBJC_IMPLICIT_RETAIN_SELF = YES;
				CLANG_WARN_OBJC_LITERAL_CONVERSION = YES;
				CLANG_WARN_OBJC_ROOT_CLASS = YES_ERROR;
				CLANG_WARN_QUOTED_INCLUDE_IN_FRAMEWORK_HEADER = YES;
				CLANG_WARN_RANGE_LOOP_ANALYSIS = YES;
				CLANG_WARN_STRICT_PROTOTYPES = YES;
				CLANG_WARN_SUSPICIOUS_MOVE = YES;
				CLANG_WARN_UNGUARDED_AVAILABILITY = YES_AGGRESSIVE;
				CLANG_WARN_UNREACHABLE_CODE = YES;
				CLANG_WARN__DUPLICATE_METHOD_MATCH = YES;
				COPY_PHASE_STRIP = NO;
				DEBUG_INFORMATION_FORMAT = dwarf;
				ENABLE_STRICT_OBJC_MSGSEND = YES;
				ENABLE_TESTABILITY = YES;
				GCC_C_LANGUAGE_STANDARD = gnu11;
				GCC_DYNAMIC_NO_PIC = NO;
				GCC_NO_COMMON_BLOCKS = YES;
				GCC_OPTIMIZATION_LEVEL = 0;
				GCC_PREPROCESSOR_DEFINITIONS = (
					"DEBUG=1",
					"$(inherited)",
				);
				GCC_WARN_64_TO_32_BIT_CONVERSION = YES;
				GCC_WARN_ABOUT_RETURN_TYPE = YES_ERROR;
				GCC_WARN_UNDECLARED_SELECTOR = YES;
				GCC_WARN_UNINITIALIZED_AUTOS = YES_AGGRESSIVE;
				GCC_WARN_UNUSED_FUNCTION = YES;
				GCC_WARN_UNUSED_VARIABLE = YES;
				IPHONEOS_DEPLOYMENT_TARGET = 16.2;
				MTL_ENABLE_DEBUG_INFO = INCLUDE_SOURCE;
				MTL_FAST_MATH = YES;
				ONLY_ACTIVE_ARCH = YES;
				SDKROOT = iphoneos;
				SWIFT_ACTIVE_COMPILATION_CONDITIONS = DEBUG;
				SWIFT_OPTIMIZATION_LEVEL = "-Onone";
			};
			name = Debug;
		};
		5279A12D29D63280002D30D9 /* Release */ = {
			isa = XCBuildConfiguration;
			buildSettings = {
				ALWAYS_SEARCH_USER_PATHS = NO;
				CLANG_ANALYZER_NONNULL = YES;
				CLANG_ANALYZER_NUMBER_OBJECT_CONVERSION = YES_AGGRESSIVE;
				CLANG_CXX_LANGUAGE_STANDARD = "gnu++20";
				CLANG_ENABLE_MODULES = YES;
				CLANG_ENABLE_OBJC_ARC = YES;
				CLANG_ENABLE_OBJC_WEAK = YES;
				CLANG_WARN_BLOCK_CAPTURE_AUTORELEASING = YES;
				CLANG_WARN_BOOL_CONVERSION = YES;
				CLANG_WARN_COMMA = YES;
				CLANG_WARN_CONSTANT_CONVERSION = YES;
				CLANG_WARN_DEPRECATED_OBJC_IMPLEMENTATIONS = YES;
				CLANG_WARN_DIRECT_OBJC_ISA_USAGE = YES_ERROR;
				CLANG_WARN_DOCUMENTATION_COMMENTS = YES;
				CLANG_WARN_EMPTY_BODY = YES;
				CLANG_WARN_ENUM_CONVERSION = YES;
				CLANG_WARN_INFINITE_RECURSION = YES;
				CLANG_WARN_INT_CONVERSION = YES;
				CLANG_WARN_NON_LITERAL_NULL_CONVERSION = YES;
				CLANG_WARN_OBJC_IMPLICIT_RETAIN_SELF = YES;
				CLANG_WARN_OBJC_LITERAL_CONVERSION = YES;
				CLANG_WARN_OBJC_ROOT_CLASS = YES_ERROR;
				CLANG_WARN_QUOTED_INCLUDE_IN_FRAMEWORK_HEADER = YES;
				CLANG_WARN_RANGE_LOOP_ANALYSIS = YES;
				CLANG_WARN_STRICT_PROTOTYPES = YES;
				CLANG_WARN_SUSPICIOUS_MOVE = YES;
				CLANG_WARN_UNGUARDED_AVAILABILITY = YES_AGGRESSIVE;
				CLANG_WARN_UNREACHABLE_CODE = YES;
				CLANG_WARN__DUPLICATE_METHOD_MATCH = YES;
				COPY_PHASE_STRIP = NO;
				DEBUG_INFORMATION_FORMAT = "dwarf-with-dsym";
				ENABLE_NS_ASSERTIONS = NO;
				ENABLE_STRICT_OBJC_MSGSEND = YES;
				GCC_C_LANGUAGE_STANDARD = gnu11;
				GCC_NO_COMMON_BLOCKS = YES;
				GCC_WARN_64_TO_32_BIT_CONVERSION = YES;
				GCC_WARN_ABOUT_RETURN_TYPE = YES_ERROR;
				GCC_WARN_UNDECLARED_SELECTOR = YES;
				GCC_WARN_UNINITIALIZED_AUTOS = YES_AGGRESSIVE;
				GCC_WARN_UNUSED_FUNCTION = YES;
				GCC_WARN_UNUSED_VARIABLE = YES;
				IPHONEOS_DEPLOYMENT_TARGET = 16.2;
				MTL_ENABLE_DEBUG_INFO = NO;
				MTL_FAST_MATH = YES;
				SDKROOT = iphoneos;
				SWIFT_COMPILATION_MODE = wholemodule;
				SWIFT_OPTIMIZATION_LEVEL = "-O";
				VALIDATE_PRODUCT = YES;
			};
			name = Release;
		};
		5279A12F29D63280002D30D9 /* Debug */ = {
			isa = XCBuildConfiguration;
			buildSettings = {
				ASSETCATALOG_COMPILER_APPICON_NAME = AppIcon;
				ASSETCATALOG_COMPILER_GLOBAL_ACCENT_COLOR_NAME = AccentColor;
				CODE_SIGN_STYLE = Automatic;
				CURRENT_PROJECT_VERSION = 1;
				DEVELOPMENT_TEAM = QZ46JW4C9U;
				GENERATE_INFOPLIST_FILE = YES;
				INFOPLIST_FILE = WeatherUIKit/Info.plist;
				INFOPLIST_KEY_UIApplicationSupportsIndirectInputEvents = YES;
				INFOPLIST_KEY_UILaunchStoryboardName = LaunchScreen;
				INFOPLIST_KEY_UIMainStoryboardFile = Main;
				INFOPLIST_KEY_UISupportedInterfaceOrientations_iPad = "UIInterfaceOrientationPortrait UIInterfaceOrientationPortraitUpsideDown UIInterfaceOrientationLandscapeLeft UIInterfaceOrientationLandscapeRight";
				INFOPLIST_KEY_UISupportedInterfaceOrientations_iPhone = "UIInterfaceOrientationPortrait UIInterfaceOrientationLandscapeLeft UIInterfaceOrientationLandscapeRight";
				LD_RUNPATH_SEARCH_PATHS = (
					"$(inherited)",
					"@executable_path/Frameworks",
				);
				MARKETING_VERSION = 1.0;
				PRODUCT_BUNDLE_IDENTIFIER = com.mcantop.WeatherUIKit;
				PRODUCT_NAME = "$(TARGET_NAME)";
				SWIFT_EMIT_LOC_STRINGS = YES;
				SWIFT_VERSION = 5.0;
				TARGETED_DEVICE_FAMILY = "1,2";
			};
			name = Debug;
		};
		5279A13029D63280002D30D9 /* Release */ = {
			isa = XCBuildConfiguration;
			buildSettings = {
				ASSETCATALOG_COMPILER_APPICON_NAME = AppIcon;
				ASSETCATALOG_COMPILER_GLOBAL_ACCENT_COLOR_NAME = AccentColor;
				CODE_SIGN_STYLE = Automatic;
				CURRENT_PROJECT_VERSION = 1;
				DEVELOPMENT_TEAM = QZ46JW4C9U;
				GENERATE_INFOPLIST_FILE = YES;
				INFOPLIST_FILE = WeatherUIKit/Info.plist;
				INFOPLIST_KEY_UIApplicationSupportsIndirectInputEvents = YES;
				INFOPLIST_KEY_UILaunchStoryboardName = LaunchScreen;
				INFOPLIST_KEY_UIMainStoryboardFile = Main;
				INFOPLIST_KEY_UISupportedInterfaceOrientations_iPad = "UIInterfaceOrientationPortrait UIInterfaceOrientationPortraitUpsideDown UIInterfaceOrientationLandscapeLeft UIInterfaceOrientationLandscapeRight";
				INFOPLIST_KEY_UISupportedInterfaceOrientations_iPhone = "UIInterfaceOrientationPortrait UIInterfaceOrientationLandscapeLeft UIInterfaceOrientationLandscapeRight";
				LD_RUNPATH_SEARCH_PATHS = (
					"$(inherited)",
					"@executable_path/Frameworks",
				);
				MARKETING_VERSION = 1.0;
				PRODUCT_BUNDLE_IDENTIFIER = com.mcantop.WeatherUIKit;
				PRODUCT_NAME = "$(TARGET_NAME)";
				SWIFT_EMIT_LOC_STRINGS = YES;
				SWIFT_VERSION = 5.0;
				TARGETED_DEVICE_FAMILY = "1,2";
			};
			name = Release;
		};
/* End XCBuildConfiguration section */

/* Begin XCConfigurationList section */
		5279A11529D63280002D30D9 /* Build configuration list for PBXProject "WeatherUIKit" */ = {
			isa = XCConfigurationList;
			buildConfigurations = (
				5279A12C29D63280002D30D9 /* Debug */,
				5279A12D29D63280002D30D9 /* Release */,
			);
			defaultConfigurationIsVisible = 0;
			defaultConfigurationName = Release;
		};
		5279A12E29D63280002D30D9 /* Build configuration list for PBXNativeTarget "WeatherUIKit" */ = {
			isa = XCConfigurationList;
			buildConfigurations = (
				5279A12F29D63280002D30D9 /* Debug */,
				5279A13029D63280002D30D9 /* Release */,
			);
			defaultConfigurationIsVisible = 0;
			defaultConfigurationName = Release;
		};
/* End XCConfigurationList section */

/* Begin XCRemoteSwiftPackageReference section */
		5279A13129D63954002D30D9 /* XCRemoteSwiftPackageReference "Alamofire" */ = {
			isa = XCRemoteSwiftPackageReference;
			repositoryURL = "https://github.com/Alamofire/Alamofire";
			requirement = {
				kind = upToNextMajorVersion;
				minimumVersion = 5.0.0;
			};
		};
		5279A13429D6397B002D30D9 /* XCRemoteSwiftPackageReference "SkeletonView" */ = {
			isa = XCRemoteSwiftPackageReference;
			repositoryURL = "https://github.com/Juanpe/SkeletonView";
			requirement = {
				kind = upToNextMajorVersion;
				minimumVersion = 1.0.0;
			};
		};
/* End XCRemoteSwiftPackageReference section */

/* Begin XCSwiftPackageProductDependency section */
		5279A13229D63954002D30D9 /* Alamofire */ = {
			isa = XCSwiftPackageProductDependency;
			package = 5279A13129D63954002D30D9 /* XCRemoteSwiftPackageReference "Alamofire" */;
			productName = Alamofire;
		};
		5279A13529D6397B002D30D9 /* SkeletonView */ = {
			isa = XCSwiftPackageProductDependency;
			package = 5279A13429D6397B002D30D9 /* XCRemoteSwiftPackageReference "SkeletonView" */;
			productName = SkeletonView;
		};
/* End XCSwiftPackageProductDependency section */
	};
	rootObject = 5279A11229D63280002D30D9 /* Project object */;
}
